
Microsoft Visual Studio Solution File, Format Version 12.00
# Visual Studio Version 17
VisualStudioVersion = 17.10.35122.118
MinimumVisualStudioVersion = 10.0.40219.1
Project("{FAE04EC0-301F-11D3-BF4B-00C04F79EFBC}") = "LinqProject", "LinqProject\LinqProject.csproj", "{ABADEA54-2133-4E55-9875-DBEB4C3567DA}"
EndProject
Global
	GlobalSection(SolutionConfigurationPlatforms) = preSolution
		Debug|Any CPU = Debug|Any CPU
		Release|Any CPU = Release|Any CPU
	EndGlobalSection
	GlobalSection(ProjectConfigurationPlatforms) = postSolution
		{ABADEA54-2133-4E55-9875-DBEB4C3567DA}.Debug|Any CPU.ActiveCfg = Debug|Any CPU
		{ABADEA54-2133-4E55-9875-DBEB4C3567DA}.Debug|Any CPU.Build.0 = Debug|Any CPU
		{ABADEA54-2133-4E55-9875-DBEB4C3567DA}.Release|Any CPU.ActiveCfg = Release|Any CPU
		{ABADEA54-2133-4E55-9875-DBEB4C3567DA}.Release|Any CPU.Build.0 = Release|Any CPU
	EndGlobalSection
	GlobalSection(SolutionProperties) = preSolution
		HideSolutionNode = FALSE
	EndGlobalSection
	GlobalSection(ExtensibilityGlobals) = postSolution
		SolutionGuid = {CD63DFD6-F795-45F7-972A-165A3F458923}
	EndGlobalSection
EndGlobal
